
Microsoft Visual Studio Solution File, Format Version 12.00
# Visual Studio Version 17
VisualStudioVersion = 17.8.34309.116
MinimumVisualStudioVersion = 10.0.40219.1
Project("{FAE04EC0-301F-11D3-BF4B-00C04F79EFBC}") = "ArabaYarisiUygulamasi", "ArabaYarisiUygulamasi\ArabaYarisiUygulamasi.csproj", "{D7CCB5D3-62E4-43F9-A902-6EE39543430E}"
EndProject
Global
	GlobalSection(SolutionConfigurationPlatforms) = preSolution
		Debug|Any CPU = Debug|Any CPU
		Release|Any CPU = Release|Any CPU
	EndGlobalSection
	GlobalSection(ProjectConfigurationPlatforms) = postSolution
		{D7CCB5D3-62E4-43F9-A902-6EE39543430E}.Debug|Any CPU.ActiveCfg = Debug|Any CPU
		{D7CCB5D3-62E4-43F9-A902-6EE39543430E}.Debug|Any CPU.Build.0 = Debug|Any CPU
		{D7CCB5D3-62E4-43F9-A902-6EE39543430E}.Release|Any CPU.ActiveCfg = Release|Any CPU
		{D7CCB5D3-62E4-43F9-A902-6EE39543430E}.Release|Any CPU.Build.0 = Release|Any CPU
	EndGlobalSection
	GlobalSection(SolutionProperties) = preSolution
		HideSolutionNode = FALSE
	EndGlobalSection
	GlobalSection(ExtensibilityGlobals) = postSolution
		SolutionGuid = {93B33A88-C2E9-4221-97FC-650F9277634B}
	EndGlobalSection
EndGlobal
